# This file is automatically @generated by Cargo.
# It is not intended for manual editing.
[[package]]
name = "proto"
version = "0.1.0"
dependencies = [
 "uuid 0.8.2 (registry+https://github.com/rust-lang/crates.io-index)",
]

[[package]]
name = "uuid"
version = "0.8.2"
source = "registry+https://github.com/rust-lang/crates.io-index"

[metadata]
"checksum uuid 0.8.2 (registry+https://github.com/rust-lang/crates.io-index)" = "bc5cf98d8186244414c848017f0e2676b3fcb46807f6668a97dfe67359a3c4b7"
